
Microsoft Visual Studio Solution File, Format Version 12.00
# Visual Studio Version 16
VisualStudioVersion = 16.0.32106.194
MinimumVisualStudioVersion = 10.0.40219.1
Project("{8BC9CEB8-8B4A-11D0-8D11-00A0C91BC942}") = "Raytracer", "Raytracer.vcxproj", "{FEDE7D92-A323-44EE-A86C-CD3ECCDE0483}"
EndProject
Global
	GlobalSection(SolutionConfigurationPlatforms) = preSolution
		Debug|x64 = Debug|x64
		Debug|x86 = Debug|x86
		Release|x64 = Release|x64
		Release|x86 = Release|x86
	EndGlobalSection
	GlobalSection(ProjectConfigurationPlatforms) = postSolution
		{FEDE7D92-A323-44EE-A86C-CD3ECCDE0483}.Debug|x64.ActiveCfg = Debug|x64
		{FEDE7D92-A323-44EE-A86C-CD3ECCDE0483}.Debug|x64.Build.0 = Debug|x64
		{FEDE7D92-A323-44EE-A86C-CD3ECCDE0483}.Debug|x86.ActiveCfg = Debug|Win32
		{FEDE7D92-A323-44EE-A86C-CD3ECCDE0483}.Debug|x86.Build.0 = Debug|Win32
		{FEDE7D92-A323-44EE-A86C-CD3ECCDE0483}.Release|x64.ActiveCfg = Release|x64
		{FEDE7D92-A323-44EE-A86C-CD3ECCDE0483}.Release|x64.Build.0 = Release|x64
		{FEDE7D92-A323-44EE-A86C-CD3ECCDE0483}.Release|x86.ActiveCfg = Release|Win32
		{FEDE7D92-A323-44EE-A86C-CD3ECCDE0483}.Release|x86.Build.0 = Release|Win32
	EndGlobalSection
	GlobalSection(SolutionProperties) = preSolution
		HideSolutionNode = FALSE
	EndGlobalSection
	GlobalSection(ExtensibilityGlobals) = postSolution
		SolutionGuid = {946D0FC5-C49B-40EF-BB29-18FEC4C81821}
	EndGlobalSection
EndGlobal
